Microsoft Visual Studio Solution File, Format Version 12.00
# Visual Studio Version 17
VisualStudioVersion = 17.5.2.0
MinimumVisualStudioVersion = 10.0.40219.1
Project("{2150E333-8FDC-42A3-9474-1A3956D46DE8}") = "project", "project", "{EB1B1211-640D-0C76-A929-990D115248FD}"
EndProject
Project("{FAE04EC0-301F-11D3-BF4B-00C04F79EFBC}") = "Cities", "project\cities\Cities.csproj", "{DD6BD830-7C9E-1215-07D4-87145DF7F83E}"
EndProject
Global
	GlobalSection(SolutionConfigurationPlatforms) = preSolution
		Debug|Any CPU = Debug|Any CPU
		Release|Any CPU = Release|Any CPU
	EndGlobalSection
	GlobalSection(ProjectConfigurationPlatforms) = postSolution
		{DD6BD830-7C9E-1215-07D4-87145DF7F83E}.Debug|Any CPU.ActiveCfg = Debug|Any CPU
		{DD6BD830-7C9E-1215-07D4-87145DF7F83E}.Debug|Any CPU.Build.0 = Debug|Any CPU
		{DD6BD830-7C9E-1215-07D4-87145DF7F83E}.Release|Any CPU.ActiveCfg = Release|Any CPU
		{DD6BD830-7C9E-1215-07D4-87145DF7F83E}.Release|Any CPU.Build.0 = Release|Any CPU
	EndGlobalSection
	GlobalSection(SolutionProperties) = preSolution
		HideSolutionNode = FALSE
	EndGlobalSection
	GlobalSection(NestedProjects) = preSolution
		{DD6BD830-7C9E-1215-07D4-87145DF7F83E} = {EB1B1211-640D-0C76-A929-990D115248FD}
	EndGlobalSection
	GlobalSection(ExtensibilityGlobals) = postSolution
		SolutionGuid = {E4F8FDAC-BAAB-4B52-BA3D-FE28D6941E34}
	EndGlobalSection
EndGlobal
