Microsoft Visual Studio Solution File, Format Version 12.00
# Visual Studio Version 17
VisualStudioVersion = 17.5.2.0
MinimumVisualStudioVersion = 10.0.40219.1
Project("{FAE04EC0-301F-11D3-BF4B-00C04F79EFBC}") = "PopulationAPI", "PopulationAPI\PopulationAPI.csproj", "{9387B3AD-45EE-585C-C087-77654BEB9F4A}"
EndProject
Global
	GlobalSection(SolutionConfigurationPlatforms) = preSolution
		Debug|Any CPU = Debug|Any CPU
		Release|Any CPU = Release|Any CPU
	EndGlobalSection
	GlobalSection(ProjectConfigurationPlatforms) = postSolution
		{9387B3AD-45EE-585C-C087-77654BEB9F4A}.Debug|Any CPU.ActiveCfg = Debug|Any CPU
		{9387B3AD-45EE-585C-C087-77654BEB9F4A}.Debug|Any CPU.Build.0 = Debug|Any CPU
		{9387B3AD-45EE-585C-C087-77654BEB9F4A}.Release|Any CPU.ActiveCfg = Release|Any CPU
		{9387B3AD-45EE-585C-C087-77654BEB9F4A}.Release|Any CPU.Build.0 = Release|Any CPU
	EndGlobalSection
	GlobalSection(SolutionProperties) = preSolution
		HideSolutionNode = FALSE
	EndGlobalSection
	GlobalSection(ExtensibilityGlobals) = postSolution
		SolutionGuid = {9C14E761-008C-4D72-BC8C-DFDD3DCDB2E2}
	EndGlobalSection
EndGlobal
